{"format_version":"1.0","provider_schemas":{"registry.terraform.io/goharbor/harbor":{"provider":{"version":0,"block":{"attributes":{"api_version":{"type":"number","description_kind":"plain","optional":true},"bearer_token":{"type":"string","description_kind":"plain","optional":true},"insecure":{"type":"bool","description_kind":"plain","optional":true},"password":{"type":"string","description_kind":"plain","optional":true},"robot_prefix":{"type":"string","description_kind":"plain","optional":true},"session_id":{"type":"string","description_kind":"plain","optional":true},"url":{"type":"string","description_kind":"plain","optional":true},"username":{"type":"string","description_kind":"plain","optional":true}},"description_kind":"plain"}},"resource_schemas":{"harbor_config_auth":{"version":0,"block":{"attributes":{"auth_mode":{"type":"string","description_kind":"plain","required":true},"id":{"type":"string","description_kind":"plain","optional":true,"computed":true},"ldap_base_dn":{"type":"string","description_kind":"plain","optional":true},"ldap_filter":{"type":"string","description_kind":"plain","optional":true},"ldap_group_admin_dn":{"type":"string","description_kind":"plain","optional":true},"ldap_group_base_dn":{"type":"string","description_kind":"plain","optional":true},"ldap_group_filter":{"type":"string","description_kind":"plain","optional":true},"ldap_group_gid":{"type":"string","description_kind":"plain","optional":true},"ldap_group_membership":{"type":"string","description_kind":"plain","optional":true},"ldap_group_scope":{"type":"string","description_kind":"plain","optional":true},"ldap_group_uid":{"type":"string","description_kind":"plain","optional":true},"ldap_scope":{"type":"string","description_kind":"plain","optional":true},"ldap_search_dn":{"type":"string","description_kind":"plain","optional":true},"ldap_search_password":{"type":"string","description_kind":"plain","optional":true,"sensitive":true},"ldap_uid":{"type":"string","description_kind":"plain","optional":true},"ldap_url":{"type":"string","description_kind":"plain","optional":true},"ldap_verify_cert":{"type":"bool","description_kind":"plain","optional":true},"oidc_admin_group":{"type":"string","description_kind":"plain","optional":true},"oidc_auto_onboard":{"type":"bool","description_kind":"plain","optional":true},"oidc_client_id":{"type":"string","description_kind":"plain","optional":true},"oidc_client_secret":{"type":"string","description_kind":"plain","optional":true,"sensitive":true},"oidc_client_secret_wo":{"type":"string","description_kind":"plain","optional":true},"oidc_client_secret_wo_version":{"type":"number","description_kind":"plain","optional":true},"oidc_endpoint":{"type":"string","description_kind":"plain","optional":true},"oidc_group_filter":{"type":"string","description_kind":"plain","optional":true},"oidc_groups_claim":{"type":"string","description_kind":"plain","optional":true},"oidc_logout":{"type":"bool","description_kind":"plain","optional":true},"oidc_name":{"type":"string","description_kind":"plain","optional":true},"oidc_scope":{"type":"string","description_kind":"plain","optional":true},"oidc_user_claim":{"type":"string","description_kind":"plain","optional":true},"oidc_verify_cert":{"type":"bool","description_kind":"plain","optional":true},"primary_auth_mode":{"type":"bool","description_kind":"plain","optional":true}},"description_kind":"plain"}},"harbor_config_security":{"version":0,"block":{"attributes":{"creation_time":{"type":"string","description_kind":"plain","computed":true},"cve_allowlist":{"type":["list","string"],"description_kind":"plain","required":true},"expires_at":{"type":"number","description_kind":"plain","optional":true},"id":{"type":"string","description_kind":"plain","optional":true,"computed":true},"update_time":{"type":"string","description_kind":"plain","computed":true}},"description_kind":"plain"}},"harbor_config_system":{"version":0,"block":{"attributes":{"audit_log_forward_endpoint":{"type":"string","description_kind":"plain","optional":true},"id":{"type":"string","description_kind":"plain","optional":true,"computed":true},"notification_enable":{"type":"bool","description_kind":"plain","optional":true},"project_creation_restriction":{"type":"string","description_kind":"plain","optional":true},"read_only":{"type":"bool","description_kind":"plain","optional":true},"robot_name_prefix":{"type":"string","description_kind":"plain","optional":true},"robot_token_expiration":{"type":"number","description_kind":"plain","optional":true},"scanner_skip_update_pulltime":{"type":"bool","description_kind":"plain","optional":true},"skip_audit_log_database":{"type":"bool","description_kind":"plain","optional":true},"storage_per_project":{"type":"number","description_kind":"plain","optional":true}},"block_types":{"banner_message":{"nesting_mode":"list","block":{"attributes":{"closable":{"type":"bool","description_kind":"plain","optional":true},"from_date":{"type":"string","description_kind":"plain","optional":true},"message":{"type":"string","description_kind":"plain","required":true},"to_date":{"type":"string","description_kind":"plain","optional":true},"type":{"type":"string","description_kind":"plain","optional":true}},"description_kind":"plain"},"max_items":1}},"description_kind":"plain"}},"harbor_garbage_collection":{"version":0,"block":{"attributes":{"delete_untagged":{"type":"bool","description_kind":"plain","optional":true},"id":{"type":"string","description_kind":"plain","optional":true,"computed":true},"schedule":{"type":"string","description_kind":"plain","required":true},"workers":{"type":"number","description_kind":"plain","optional":true}},"description_kind":"plain"}},"harbor_group":{"version":0,"block":{"attributes":{"group_name":{"type":"string","description_kind":"plain","required":true},"group_type":{"type":"number","description_kind":"plain","required":true},"id":{"type":"string","description_kind":"plain","optional":true,"computed":true},"ldap_group_dn":{"type":"string","description_kind":"plain","optional":true}},"description_kind":"plain"}},"harbor_immutable_tag_rule":{"version":0,"block":{"attributes":{"disabled":{"type":"bool","description_kind":"plain","optional":true},"id":{"type":"string","description_kind":"plain","optional":true,"computed":true},"project_id":{"type":"string","description_kind":"plain","required":true},"repo_excluding":{"type":"string","description_kind":"plain","optional":true},"repo_matching":{"type":"string","description_kind":"plain","optional":true},"tag_excluding":{"type":"string","description_kind":"plain","optional":true},"tag_matching":{"type":"string","description_kind":"plain","optional":true}},"description_kind":"plain"}},"harbor_interrogation_services":{"version":0,"block":{"attributes":{"default_scanner":{"type":"string","description_kind":"plain","optional":true},"id":{"type":"string","description_kind":"plain","optional":true,"computed":true},"vulnerability_scan_policy":{"type":"string","description_kind":"plain","required":true}},"description_kind":"plain"}},"harbor_label":{"version":0,"block":{"attributes":{"color":{"type":"string","description_kind":"plain","optional":true},"description":{"type":"string","description_kind":"plain","optional":true},"id":{"type":"string","description_kind":"plain","optional":true,"computed":true},"name":{"type":"string","description_kind":"plain","required":true},"project_id":{"type":"string","description_kind":"plain","optional":true},"scope":{"type":"string","description_kind":"plain","computed":true}},"description_kind":"plain"}},"harbor_preheat_instance":{"version":0,"block":{"attributes":{"auth_mode":{"type":"string","description_kind":"plain","optional":true},"default":{"type":"bool","description_kind":"plain","optional":true},"description":{"type":"string","description_kind":"plain","optional":true},"enabled":{"type":"bool","description_kind":"plain","optional":true},"endpoint":{"type":"string","description_kind":"plain","required":true},"id":{"type":"string","description_kind":"plain","optional":true,"computed":true},"insecure":{"type":"bool","description_kind":"plain","optional":true},"name":{"type":"string","description_kind":"plain","required":true},"password":{"type":"string","description_kind":"plain","optional":true,"sensitive":true},"token":{"type":"string","description_kind":"plain","optional":true,"sensitive":true},"username":{"type":"string","description_kind":"plain","optional":true},"vendor":{"type":"string","description_kind":"plain","required":true}},"description_kind":"plain"}},"harbor_project":{"version":0,"block":{"attributes":{"auto_sbom_generation":{"type":"bool","description_kind":"plain","optional":true},"cve_allowlist":{"type":["list","string"],"description_kind":"plain","optional":true},"deployment_security":{"type":"string","description_kind":"plain","optional":true},"enable_content_trust":{"type":"bool","description_kind":"plain","optional":true},"enable_content_trust_cosign":{"type":"bool","description_kind":"plain","optional":true},"force_destroy":{"type":"bool","description_kind":"plain","optional":true},"id":{"type":"string","description_kind":"plain","optional":true,"computed":true},"name":{"type":"string","description_kind":"plain","required":true},"project_id":{"type":"number","description_kind":"plain","computed":true},"proxy_cache_local_on_not_found":{"type":"bool","description_kind":"plain","optional":true},"proxy_speed_kb":{"type":"number","description_kind":"plain","optional":true},"public":{"type":"bool","description_kind":"plain","optional":true},"registry_id":{"type":"number","description_kind":"plain","optional":true,"computed":true},"storage_quota":{"type":"number","description_kind":"plain","optional":true},"vulnerability_scanner":{"type":"string","description_kind":"plain","optional":true},"vulnerability_scanning":{"type":"bool","description_kind":"plain","optional":true}},"description_kind":"plain"}},"harbor_project_member_group":{"version":0,"block":{"attributes":{"group_id":{"type":"number","description_kind":"plain","optional":true},"group_name":{"type":"string","description_kind":"plain","optional":true},"id":{"type":"string","description_kind":"plain","optional":true,"computed":true},"ldap_group_dn":{"type":"string","description_kind":"plain","optional":true},"member_id":{"type":"number","description_kind":"plain","computed":true},"project_id":{"type":"string","description_kind":"plain","required":true},"role":{"type":"string","description_kind":"plain","required":true},"type":{"type":"string","description_kind":"plain","required":true}},"description_kind":"plain"}},"harbor_project_member_user":{"version":0,"block":{"attributes":{"id":{"type":"string","description_kind":"plain","optional":true,"computed":true},"member_id":{"type":"number","description_kind":"plain","computed":true},"project_id":{"type":"string","description_kind":"plain","required":true},"role":{"type":"string","description_kind":"plain","required":true},"user_name":{"type":"string","description_kind":"plain","required":true}},"description_kind":"plain"}},"harbor_project_webhook":{"version":0,"block":{"attributes":{"address":{"type":"string","description_kind":"plain","required":true},"auth_header":{"type":"string","description_kind":"plain","optional":true},"description":{"type":"string","description_kind":"plain","optional":true},"enabled":{"type":"bool","description_kind":"plain","optional":true},"events_types":{"type":["list","string"],"description_kind":"plain","required":true},"id":{"type":"string","description_kind":"plain","optional":true,"computed":true},"name":{"type":"string","description_kind":"plain","required":true},"notify_type":{"type":"string","description_kind":"plain","required":true},"payload_format":{"type":"string","description_kind":"plain","optional":true},"project_id":{"type":"string","description_kind":"plain","required":true},"skip_cert_verify":{"type":"bool","description_kind":"plain","optional":true}},"description_kind":"plain"}},"harbor_purge_audit_log":{"version":0,"block":{"attributes":{"audit_retention_hour":{"type":"number","description_kind":"plain","required":true},"id":{"type":"string","description_kind":"plain","optional":true,"computed":true},"include_event_types":{"type":"string","description_kind":"plain","optional":true},"include_operations":{"type":"string","description_kind":"plain","optional":true},"schedule":{"type":"string","description_kind":"plain","required":true}},"description_kind":"plain"}},"harbor_registry":{"version":0,"block":{"attributes":{"access_id":{"type":"string","description_kind":"plain","optional":true},"access_secret":{"type":"string","description_kind":"plain","optional":true,"sensitive":true},"ca_certificate":{"type":"string","description_kind":"plain","optional":true},"description":{"type":"string","description_kind":"plain","optional":true},"endpoint_url":{"type":"string","description_kind":"plain","required":true},"id":{"type":"string","description_kind":"plain","optional":true,"computed":true},"insecure":{"type":"bool","description_kind":"plain","optional":true},"name":{"type":"string","description_kind":"plain","required":true},"provider_name":{"type":"string","description_kind":"plain","required":true},"registry_id":{"type":"number","description_kind":"plain","computed":true},"status":{"type":"string","description_kind":"plain","computed":true}},"description_kind":"plain"}},"harbor_replication":{"version":0,"block":{"attributes":{"action":{"type":"string","description_kind":"plain","required":true},"copy_by_chunk":{"type":"bool","description_kind":"plain","optional":true},"deletion":{"type":"bool","description_kind":"plain","optional":true},"description":{"type":"string","description_kind":"plain","optional":true},"dest_namespace":{"type":"string","description_kind":"plain","optional":true},"dest_namespace_replace":{"type":"number","description_kind":"plain","optional":true},"enabled":{"type":"bool","description_kind":"plain","optional":true},"execute_on_changed":{"type":"bool","description_kind":"plain","optional":true},"id":{"type":"string","description_kind":"plain","optional":true,"computed":true},"name":{"type":"string","description_kind":"plain","required":true},"override":{"type":"bool","description_kind":"plain","optional":true},"registry_id":{"type":"number","description_kind":"plain","required":true},"replication_policy_id":{"type":"number","description_kind":"plain","computed":true},"schedule":{"type":"string","description_kind":"plain","optional":true},"single_active_replication":{"type":"bool","description_kind":"plain","optional":true},"speed":{"type":"number","description_kind":"plain","optional":true}},"block_types":{"filters":{"nesting_mode":"set","block":{"attributes":{"decoration":{"type":"string","description_kind":"plain","optional":true},"labels":{"type":["list","string"],"description_kind":"plain","optional":true},"name":{"type":"string","description_kind":"plain","optional":true},"resource":{"type":"string","description_kind":"plain","optional":true},"tag":{"type":"string","description_kind":"plain","optional":true}},"description_kind":"plain"}}},"description_kind":"plain"}},"harbor_retention_policy":{"version":0,"block":{"attributes":{"id":{"type":"string","description_kind":"plain","optional":true,"computed":true},"schedule":{"type":"string","description_kind":"plain","optional":true},"scope":{"type":"string","description_kind":"plain","required":true}},"block_types":{"rule":{"nesting_mode":"list","block":{"attributes":{"always_retain":{"type":"bool","description_kind":"plain","optional":true},"disabled":{"type":"bool","description_kind":"plain","optional":true},"most_recently_pulled":{"type":"number","description_kind":"plain","optional":true},"most_recently_pushed":{"type":"number","description_kind":"plain","optional":true},"n_days_since_last_pull":{"type":"number","description_kind":"plain","optional":true},"n_days_since_last_push":{"type":"number","description_kind":"plain","optional":true},"repo_excluding":{"type":"string","description_kind":"plain","optional":true},"repo_matching":{"type":"string","description_kind":"plain","optional":true},"tag_excluding":{"type":"string","description_kind":"plain","optional":true},"tag_matching":{"type":"string","description_kind":"plain","optional":true},"untagged_artifacts":{"type":"bool","description_kind":"plain","optional":true}},"description_kind":"plain"},"min_items":1,"max_items":15}},"description_kind":"plain"}},"harbor_robot_account":{"version":0,"block":{"attributes":{"description":{"type":"string","description_kind":"plain","optional":true},"disable":{"type":"bool","description_kind":"plain","optional":true},"duration":{"type":"number","description_kind":"plain","optional":true},"full_name":{"type":"string","description_kind":"plain","computed":true},"id":{"type":"string","description_kind":"plain","optional":true,"computed":true},"level":{"type":"string","description_kind":"plain","required":true},"name":{"type":"string","description_kind":"plain","required":true},"robot_id":{"type":"string","description_kind":"plain","computed":true},"secret":{"type":"string","description_kind":"plain","optional":true,"computed":true,"sensitive":true},"secret_wo":{"type":"string","description_kind":"plain","optional":true},"secret_wo_version":{"type":"number","description_kind":"plain","optional":true}},"block_types":{"permissions":{"nesting_mode":"set","block":{"attributes":{"kind":{"type":"string","description_kind":"plain","required":true},"namespace":{"type":"string","description_kind":"plain","required":true}},"block_types":{"access":{"nesting_mode":"set","block":{"attributes":{"action":{"type":"string","description_kind":"plain","required":true},"effect":{"type":"string","description_kind":"plain","optional":true},"resource":{"type":"string","description_kind":"plain","required":true}},"description_kind":"plain"},"min_items":1}},"description_kind":"plain"},"min_items":1}},"description_kind":"plain"}},"harbor_tasks":{"version":0,"block":{"attributes":{"id":{"type":"string","description_kind":"plain","optional":true,"computed":true},"vulnerability_scan_policy":{"type":"string","description_kind":"plain","required":true}},"description_kind":"plain","deprecated":true}},"harbor_user":{"version":0,"block":{"attributes":{"admin":{"type":"bool","description_kind":"plain","optional":true},"comment":{"type":"string","description_kind":"plain","optional":true},"email":{"type":"string","description_kind":"plain","required":true},"full_name":{"type":"string","description_kind":"plain","required":true},"id":{"type":"string","description_kind":"plain","optional":true,"computed":true},"password":{"type":"string","description_kind":"plain","optional":true,"sensitive":true},"password_wo":{"type":"string","description_kind":"plain","optional":true},"password_wo_version":{"type":"number","description_kind":"plain","optional":true},"username":{"type":"string","description_kind":"plain","required":true}},"description_kind":"plain"}}},"data_source_schemas":{"harbor_groups":{"version":0,"block":{"attributes":{"group_name":{"type":"string","description_kind":"plain","optional":true},"groups":{"type":["list",["object",{"group_name":"string","group_type":"number","id":"number","ldap_group_dn":"string"}]],"description_kind":"plain","computed":true},"id":{"type":"string","description_kind":"plain","optional":true,"computed":true},"ldap_group_dn":{"type":"string","description_kind":"plain","optional":true}},"description_kind":"plain"}},"harbor_project":{"version":0,"block":{"attributes":{"id":{"type":"string","description_kind":"plain","optional":true,"computed":true},"name":{"type":"string","description_kind":"plain","required":true},"project_id":{"type":"number","description_kind":"plain","computed":true},"public":{"type":"bool","description_kind":"plain","computed":true},"type":{"type":"string","description_kind":"plain","computed":true},"vulnerability_scanner":{"type":"string","description_kind":"plain","computed":true},"vulnerability_scanning":{"type":"bool","description_kind":"plain","computed":true}},"description_kind":"plain"}},"harbor_project_member_groups":{"version":0,"block":{"attributes":{"id":{"type":"string","description_kind":"plain","optional":true,"computed":true},"project_id":{"type":"string","description_kind":"plain","required":true},"project_member_groups":{"type":["list",["object",{"group_name":"string","id":"string","project_id":"string","role":"string"}]],"description_kind":"plain","computed":true}},"description_kind":"plain"}},"harbor_project_member_users":{"version":0,"block":{"attributes":{"id":{"type":"string","description_kind":"plain","optional":true,"computed":true},"project_id":{"type":"string","description_kind":"plain","required":true},"project_member_users":{"type":["list",["object",{"id":"string","project_id":"string","role":"string","user_name":"string"}]],"description_kind":"plain","computed":true}},"description_kind":"plain"}},"harbor_projects":{"version":0,"block":{"attributes":{"id":{"type":"string","description_kind":"plain","optional":true,"computed":true},"name":{"type":"string","description_kind":"plain","optional":true},"projects":{"type":["list",["object",{"name":"string","project_id":"number","public":"bool","type":"string","vulnerability_scanning":"bool"}]],"description_kind":"plain","computed":true},"public":{"type":"bool","description_kind":"plain","optional":true},"type":{"type":"string","description_kind":"plain","optional":true},"vulnerability_scanning":{"type":"bool","description_kind":"plain","optional":true}},"description_kind":"plain"}},"harbor_registry":{"version":0,"block":{"attributes":{"ca_certificate":{"type":"string","description_kind":"plain","computed":true},"description":{"type":"string","description_kind":"plain","computed":true},"id":{"type":"string","description_kind":"plain","optional":true,"computed":true},"insecure":{"type":"bool","description_kind":"plain","computed":true},"name":{"type":"string","description_kind":"plain","required":true},"registry_id":{"type":"number","description_kind":"plain","computed":true},"status":{"type":"string","description_kind":"plain","computed":true},"type":{"type":"string","description_kind":"plain","computed":true},"url":{"type":"string","description_kind":"plain","computed":true}},"description_kind":"plain"}},"harbor_robot_accounts":{"version":0,"block":{"attributes":{"id":{"type":"string","description_kind":"plain","optional":true,"computed":true},"level":{"type":"string","description_kind":"plain","optional":true},"name":{"type":"string","description_kind":"plain","optional":true},"project_id":{"type":"number","description_kind":"plain","optional":true},"robot_accounts":{"type":["list",["object",{"description":"string","disable":"bool","duration":"number","id":"string","level":"string","name":"string"}]],"description_kind":"plain","computed":true}},"description_kind":"plain"}},"harbor_users":{"version":0,"block":{"attributes":{"email":{"type":"string","description_kind":"plain","optional":true},"id":{"type":"string","description_kind":"plain","optional":true,"computed":true},"username":{"type":"string","description_kind":"plain","optional":true},"users":{"type":["list",["object",{"admin":"bool","comment":"string","email":"string","full_name":"string","id":"string","username":"string"}]],"description_kind":"plain","computed":true}},"description_kind":"plain"}}}}}}
